{
    "name": "chdate",
    "version": "0.1.0",
    "lockfileVersion": 1,
    "requires": true,
    "dependencies": {
        "lunar-javascript": {
            "version": "1.0.9",
            "resolved": "https://registry.npmjs.org/lunar-javascript/-/lunar-javascript-1.0.9.tgz",
            "integrity": "sha512-zK49z69H0CPFOSza9kW+M+gmyQhaiybP8PdAslMQEpulBwv/7z0W2IFczpWpt3rJ7EGWQ8ZgKWS7iL3clkRAOQ=="
        }
    }
}
